# This file is automatically @generated by Cargo.
# It is not intended for manual editing.
version = 4

[[package]]
name = "blackwidow"
version = "0.1.0"
dependencies = [
 "memexec",
]

[[package]]
name = "memexec"
version = "0.2.0"
source = "registry+https://github.com/rust-lang/crates.io-index"
checksum = "bc62ccb14881da5d1862cda3a9648fb4a4897b2aff0b2557b89da44a5e550b7c"
